# This file is automatically @generated by Poetry 1.4.1 and should not be changed by hand.

[[package]]
name = "happybase"
version = "1.2.0"
description = "A developer-friendly Python library to interact with Apache HBase"
category = "main"
optional = false
python-versions = "*"
files = [
    {file = "happybase-1.2.0.tar.gz", hash = "sha256:850b4ee651128588a57e1e152dd1252e5ec39776a5d3d14ee892b8bac0fa9e1a"},
]

[package.dependencies]
six = "*"
thriftpy2 = ">=0.4"

[[package]]
name = "ply"
version = "3.11"
description = "Python Lex & Yacc"
category = "main"
optional = false
python-versions = "*"
files = [
    {file = "ply-3.11-py2.py3-none-any.whl", hash = "sha256:096f9b8350b65ebd2fd1346b12452efe5b9607f7482813ffca50c22722a807ce"},
    {file = "ply-3.11.tar.gz", hash = "sha256:00c7c1aaa88358b9c765b6d3000c6eec0ba42abca5351b095321aef446081da3"},
]

[[package]]
name = "py4j"
version = "0.10.9.5"
description = "Enables Python programs to dynamically access arbitrary Java objects"
category = "main"
optional = false
python-versions = "*"
files = [
    {file = "py4j-0.10.9.5-py2.py3-none-any.whl", hash = "sha256:52d171a6a2b031d8a5d1de6efe451cf4f5baff1a2819aabc3741c8406539ba04"},
    {file = "py4j-0.10.9.5.tar.gz", hash = "sha256:276a4a3c5a2154df1860ef3303a927460e02e97b047dc0a47c1c3fb8cce34db6"},
]

[[package]]
name = "pyspark"
version = "3.3.2"
description = "Apache Spark Python API"
category = "main"
optional = false
python-versions = ">=3.7"
files = [
    {file = "pyspark-3.3.2.tar.gz", hash = "sha256:0dfd5db4300c1f6cc9c16d8dbdfb82d881b4b172984da71344ede1a9d4893da8"},
]

[package.dependencies]
py4j = "0.10.9.5"

[package.extras]
ml = ["numpy (>=1.15)"]
mllib = ["numpy (>=1.15)"]
pandas-on-spark = ["numpy (>=1.15)", "pandas (>=1.0.5)", "pyarrow (>=1.0.0)"]
sql = ["pandas (>=1.0.5)", "pyarrow (>=1.0.0)"]

[[package]]
name = "six"
version = "1.16.0"
description = "Python 2 and 3 compatibility utilities"
category = "main"
optional = false
python-versions = ">=2.7, !=3.0.*, !=3.1.*, !=3.2.*"
files = [
    {file = "six-1.16.0-py2.py3-none-any.whl", hash = "sha256:8abb2f1d86890a2dfb989f9a77cfcfd3e47c2a354b01111771326f8aa26e0254"},
    {file = "six-1.16.0.tar.gz", hash = "sha256:1e61c37477a1626458e36f7b1d82aa5c9b094fa4802892072e49de9c60c4c926"},
]

[[package]]
name = "thriftpy2"
version = "0.4.16"
description = "Pure python implementation of Apache Thrift."
category = "main"
optional = false
python-versions = ">=2.7, !=3.0.*, !=3.1.*, !=3.2.*, !=3.3.*, !=3.4.*"
files = [
    {file = "thriftpy2-0.4.16.tar.gz", hash = "sha256:2aa67ecda99a948e4146341d388260b48ee7da5dfb9a951c4151988e2ed2fb4c"},
]

[package.dependencies]
ply = ">=3.4,<4.0"
six = ">=1.15,<2.0"

[package.extras]
dev = ["cython (>=0.28.4)", "flake8 (>=2.5)", "pytest (>=2.8)", "pytest (>=6.1.1)", "sphinx (>=1.3)", "sphinx-rtd-theme (>=0.1.9)", "tornado (>=4.0,<6.0)"]
tornado = ["tornado (>=4.0,<6.0)"]

[metadata]
lock-version = "2.0"
python-versions = "^3.10"
content-hash = "797aa7a937ccd2c7bbc8b002f8b76a3176e7ec29dfbaff3485897419e23b855e"
